
Microsoft Visual Studio Solution File, Format Version 12.00
# Visual Studio 15
VisualStudioVersion = 15.0.28307.438
MinimumVisualStudioVersion = 10.0.40219.1
Project("{FAE04EC0-301F-11D3-BF4B-00C04F79EFBC}") = "Calculadora1", "Calculadora1\Calculadora1.csproj", "{B8ED670C-F748-4094-8826-54360C312155}"
EndProject
Global
	GlobalSection(SolutionConfigurationPlatforms) = preSolution
		Debug|Any CPU = Debug|Any CPU
		Release|Any CPU = Release|Any CPU
	EndGlobalSection
	GlobalSection(ProjectConfigurationPlatforms) = postSolution
		{B8ED670C-F748-4094-8826-54360C312155}.Debug|Any CPU.ActiveCfg = Debug|Any CPU
		{B8ED670C-F748-4094-8826-54360C312155}.Debug|Any CPU.Build.0 = Debug|Any CPU
		{B8ED670C-F748-4094-8826-54360C312155}.Release|Any CPU.ActiveCfg = Release|Any CPU
		{B8ED670C-F748-4094-8826-54360C312155}.Release|Any CPU.Build.0 = Release|Any CPU
	EndGlobalSection
	GlobalSection(SolutionProperties) = preSolution
		HideSolutionNode = FALSE
	EndGlobalSection
	GlobalSection(ExtensibilityGlobals) = postSolution
		SolutionGuid = {6F5A33C9-BBB3-44DD-8CF3-8CF98D5C135A}
	EndGlobalSection
EndGlobal
