
Microsoft Visual Studio Solution File, Format Version 12.00
# Visual Studio 15
VisualStudioVersion = 15.0.28307.438
MinimumVisualStudioVersion = 10.0.40219.1
Project("{FAE04EC0-301F-11D3-BF4B-00C04F79EFBC}") = "Sobre Carga", "Sobre Carga\Sobre Carga.csproj", "{6AE9A3B3-8F9F-47B0-8CAE-6C7D83B66A04}"
EndProject
Global
	GlobalSection(SolutionConfigurationPlatforms) = preSolution
		Debug|Any CPU = Debug|Any CPU
		Release|Any CPU = Release|Any CPU
	EndGlobalSection
	GlobalSection(ProjectConfigurationPlatforms) = postSolution
		{6AE9A3B3-8F9F-47B0-8CAE-6C7D83B66A04}.Debug|Any CPU.ActiveCfg = Debug|Any CPU
		{6AE9A3B3-8F9F-47B0-8CAE-6C7D83B66A04}.Debug|Any CPU.Build.0 = Debug|Any CPU
		{6AE9A3B3-8F9F-47B0-8CAE-6C7D83B66A04}.Release|Any CPU.ActiveCfg = Release|Any CPU
		{6AE9A3B3-8F9F-47B0-8CAE-6C7D83B66A04}.Release|Any CPU.Build.0 = Release|Any CPU
	EndGlobalSection
	GlobalSection(SolutionProperties) = preSolution
		HideSolutionNode = FALSE
	EndGlobalSection
	GlobalSection(ExtensibilityGlobals) = postSolution
		SolutionGuid = {04FB708D-5491-478E-86D4-0C750645A269}
	EndGlobalSection
EndGlobal
