
Microsoft Visual Studio Solution File, Format Version 12.00
# Visual Studio 15
VisualStudioVersion = 15.0.28307.438
MinimumVisualStudioVersion = 10.0.40219.1
Project("{FAE04EC0-301F-11D3-BF4B-00C04F79EFBC}") = "Interface", "Interface\Interface.csproj", "{BE9A970B-34CD-4E05-A83C-92652D3BA525}"
EndProject
Global
	GlobalSection(SolutionConfigurationPlatforms) = preSolution
		Debug|Any CPU = Debug|Any CPU
		Release|Any CPU = Release|Any CPU
	EndGlobalSection
	GlobalSection(ProjectConfigurationPlatforms) = postSolution
		{BE9A970B-34CD-4E05-A83C-92652D3BA525}.Debug|Any CPU.ActiveCfg = Debug|Any CPU
		{BE9A970B-34CD-4E05-A83C-92652D3BA525}.Debug|Any CPU.Build.0 = Debug|Any CPU
		{BE9A970B-34CD-4E05-A83C-92652D3BA525}.Release|Any CPU.ActiveCfg = Release|Any CPU
		{BE9A970B-34CD-4E05-A83C-92652D3BA525}.Release|Any CPU.Build.0 = Release|Any CPU
	EndGlobalSection
	GlobalSection(SolutionProperties) = preSolution
		HideSolutionNode = FALSE
	EndGlobalSection
	GlobalSection(ExtensibilityGlobals) = postSolution
		SolutionGuid = {32D6EB04-B9AD-47CB-AD05-557E96572021}
	EndGlobalSection
EndGlobal
